
Microsoft Visual Studio Solution File, Format Version 12.00
# Visual Studio 15
VisualStudioVersion = 15.0.28010.2050
MinimumVisualStudioVersion = 10.0.40219.1
Project("{FAE04EC0-301F-11D3-BF4B-00C04F79EFBC}") = "PartyInvites", "PartyInvites\PartyInvites.csproj", "{D37F09F5-0430-4BBA-A198-89138DA9DA90}"
EndProject
Global
	GlobalSection(SolutionConfigurationPlatforms) = preSolution
		Debug|Any CPU = Debug|Any CPU
		Release|Any CPU = Release|Any CPU
	EndGlobalSection
	GlobalSection(ProjectConfigurationPlatforms) = postSolution
		{D37F09F5-0430-4BBA-A198-89138DA9DA90}.Debug|Any CPU.ActiveCfg = Debug|Any CPU
		{D37F09F5-0430-4BBA-A198-89138DA9DA90}.Debug|Any CPU.Build.0 = Debug|Any CPU
		{D37F09F5-0430-4BBA-A198-89138DA9DA90}.Release|Any CPU.ActiveCfg = Release|Any CPU
		{D37F09F5-0430-4BBA-A198-89138DA9DA90}.Release|Any CPU.Build.0 = Release|Any CPU
	EndGlobalSection
	GlobalSection(SolutionProperties) = preSolution
		HideSolutionNode = FALSE
	EndGlobalSection
	GlobalSection(ExtensibilityGlobals) = postSolution
		SolutionGuid = {5B413878-FDB4-43E2-B244-FCB6F39BE0D7}
	EndGlobalSection
EndGlobal
